
Microsoft Visual Studio Solution File, Format Version 12.00
# Visual Studio 15
VisualStudioVersion = 15.0.27004.2009
MinimumVisualStudioVersion = 10.0.40219.1
Project("{FAE04EC0-301F-11D3-BF4B-00C04F79EFBC}") = "BiUpdateHelperSite", "BiUpdateHelperSite\BiUpdateHelperSite.csproj", "{04A71297-2BD6-457C-B945-9AD0D6EF106C}"
EndProject
Project("{FAE04EC0-301F-11D3-BF4B-00C04F79EFBC}") = "BPUtil", "..\BPUtil\BPUtil\BPUtil.csproj", "{A4981D8D-DEBF-4B34-B9CE-FF25520A02B7}"
EndProject
Global
	GlobalSection(SolutionConfigurationPlatforms) = preSolution
		Debug|Any CPU = Debug|Any CPU
		Debug|x64 = Debug|x64
		Release|Any CPU = Release|Any CPU
		Release|x64 = Release|x64
	EndGlobalSection
	GlobalSection(ProjectConfigurationPlatforms) = postSolution
		{04A71297-2BD6-457C-B945-9AD0D6EF106C}.Debug|Any CPU.ActiveCfg = Debug|x64
		{04A71297-2BD6-457C-B945-9AD0D6EF106C}.Debug|x64.ActiveCfg = Debug|x64
		{04A71297-2BD6-457C-B945-9AD0D6EF106C}.Debug|x64.Build.0 = Debug|x64
		{04A71297-2BD6-457C-B945-9AD0D6EF106C}.Release|Any CPU.ActiveCfg = Release|x64
		{04A71297-2BD6-457C-B945-9AD0D6EF106C}.Release|x64.ActiveCfg = Release|x64
		{04A71297-2BD6-457C-B945-9AD0D6EF106C}.Release|x64.Build.0 = Release|x64
		{A4981D8D-DEBF-4B34-B9CE-FF25520A02B7}.Debug|Any CPU.ActiveCfg = Debug|Any CPU
		{A4981D8D-DEBF-4B34-B9CE-FF25520A02B7}.Debug|Any CPU.Build.0 = Debug|Any CPU
		{A4981D8D-DEBF-4B34-B9CE-FF25520A02B7}.Debug|x64.ActiveCfg = Debug|Any CPU
		{A4981D8D-DEBF-4B34-B9CE-FF25520A02B7}.Debug|x64.Build.0 = Debug|Any CPU
		{A4981D8D-DEBF-4B34-B9CE-FF25520A02B7}.Release|Any CPU.ActiveCfg = Release|Any CPU
		{A4981D8D-DEBF-4B34-B9CE-FF25520A02B7}.Release|Any CPU.Build.0 = Release|Any CPU
		{A4981D8D-DEBF-4B34-B9CE-FF25520A02B7}.Release|x64.ActiveCfg = Release|Any CPU
		{A4981D8D-DEBF-4B34-B9CE-FF25520A02B7}.Release|x64.Build.0 = Release|Any CPU
	EndGlobalSection
	GlobalSection(SolutionProperties) = preSolution
		HideSolutionNode = FALSE
	EndGlobalSection
	GlobalSection(ExtensibilityGlobals) = postSolution
		SolutionGuid = {4F203007-773F-44EE-B1AB-892A8A6C69F5}
	EndGlobalSection
EndGlobal
